
Microsoft Visual Studio Solution File, Format Version 12.00
# Visual Studio 15
VisualStudioVersion = 15.0.28010.2003
MinimumVisualStudioVersion = 10.0.40219.1
Project("{FAE04EC0-301F-11D3-BF4B-00C04F79EFBC}") = "Model_Layer", "Model_Layer\Model_Layer.csproj", "{622035AA-587C-45E2-95CC-58AB4000EBA9}"
EndProject
Project("{FAE04EC0-301F-11D3-BF4B-00C04F79EFBC}") = "ViewLayer", "View_Layer\ViewLayer.csproj", "{D174CE9B-0726-4FE2-B908-50748859BFC1}"
EndProject
Project("{FAE04EC0-301F-11D3-BF4B-00C04F79EFBC}") = "ViewModel_Layer", "ViewModel_Layer\ViewModel_Layer.csproj", "{9CEB9FA5-6F2F-4CEC-94E6-6871DB346860}"
EndProject
Global
	GlobalSection(SolutionConfigurationPlatforms) = preSolution
		Debug|Any CPU = Debug|Any CPU
		Release|Any CPU = Release|Any CPU
	EndGlobalSection
	GlobalSection(ProjectConfigurationPlatforms) = postSolution
		{622035AA-587C-45E2-95CC-58AB4000EBA9}.Debug|Any CPU.ActiveCfg = Debug|Any CPU
		{622035AA-587C-45E2-95CC-58AB4000EBA9}.Debug|Any CPU.Build.0 = Debug|Any CPU
		{622035AA-587C-45E2-95CC-58AB4000EBA9}.Release|Any CPU.ActiveCfg = Release|Any CPU
		{622035AA-587C-45E2-95CC-58AB4000EBA9}.Release|Any CPU.Build.0 = Release|Any CPU
		{D174CE9B-0726-4FE2-B908-50748859BFC1}.Debug|Any CPU.ActiveCfg = Debug|Any CPU
		{D174CE9B-0726-4FE2-B908-50748859BFC1}.Debug|Any CPU.Build.0 = Debug|Any CPU
		{D174CE9B-0726-4FE2-B908-50748859BFC1}.Release|Any CPU.ActiveCfg = Release|Any CPU
		{D174CE9B-0726-4FE2-B908-50748859BFC1}.Release|Any CPU.Build.0 = Release|Any CPU
		{9CEB9FA5-6F2F-4CEC-94E6-6871DB346860}.Debug|Any CPU.ActiveCfg = Debug|Any CPU
		{9CEB9FA5-6F2F-4CEC-94E6-6871DB346860}.Debug|Any CPU.Build.0 = Debug|Any CPU
		{9CEB9FA5-6F2F-4CEC-94E6-6871DB346860}.Release|Any CPU.ActiveCfg = Release|Any CPU
		{9CEB9FA5-6F2F-4CEC-94E6-6871DB346860}.Release|Any CPU.Build.0 = Release|Any CPU
	EndGlobalSection
	GlobalSection(SolutionProperties) = preSolution
		HideSolutionNode = FALSE
	EndGlobalSection
	GlobalSection(ExtensibilityGlobals) = postSolution
		SolutionGuid = {610F312D-E611-4823-A0FB-913A65F3024E}
	EndGlobalSection
EndGlobal
